
Microsoft Visual Studio Solution File, Format Version 11.00
# Visual Studio Express 2012 for Windows Desktop
Project("{FAE04EC0-301F-11D3-BF4B-00C04F79EFBC}") = "LibCGI", "LibCGI\LibCGI.csproj", "{72574258-0A8E-461A-9291-45682242F7FB}"
EndProject
Global
	GlobalSection(SolutionConfigurationPlatforms) = preSolution
		Debug|Any CPU = Debug|Any CPU
		Release|Any CPU = Release|Any CPU
	EndGlobalSection
	GlobalSection(ProjectConfigurationPlatforms) = postSolution
		{72574258-0A8E-461A-9291-45682242F7FB}.Debug|Any CPU.ActiveCfg = Debug|Any CPU
		{72574258-0A8E-461A-9291-45682242F7FB}.Debug|Any CPU.Build.0 = Debug|Any CPU
		{72574258-0A8E-461A-9291-45682242F7FB}.Release|Any CPU.ActiveCfg = Release|Any CPU
		{72574258-0A8E-461A-9291-45682242F7FB}.Release|Any CPU.Build.0 = Release|Any CPU
	EndGlobalSection
	GlobalSection(SolutionProperties) = preSolution
		HideSolutionNode = FALSE
	EndGlobalSection
EndGlobal
